{
    "_readme": [
        "This file locks the dependencies of your project to a known state",
        "Read more about it at https://getcomposer.org/doc/01-basic-usage.md#installing-dependencies",
        "This file is @generated automatically"
    ],
    "content-hash": "7bd59214a2ae9aadbd815d13d0be5737",
    "packages": [
        {
            "name": "cbschuld/browser.php",
            "version": "1.9.4",
            "source": {
                "type": "git",
                "url": "https://github.com/cbschuld/Browser.php.git",
                "reference": "3d0f74bd975c51fd07b02d68dbfb5b3fc9d93c72"
            },
            "dist": {
                "type": "zip",
                "url": "https://api.github.com/repos/cbschuld/Browser.php/zipball/3d0f74bd975c51fd07b02d68dbfb5b3fc9d93c72",
                "reference": "3d0f74bd975c51fd07b02d68dbfb5b3fc9d93c72",
                "shasum": ""
            },
            "require": {
                "php": ">=7.2"
            },
            "require-dev": {
                "phpunit/phpunit": "^8"
            },
            "type": "library",
            "extra": {
                "branch-alias": {
                    "dev-master": "1.9.x-dev"
                }
            },
            "autoload": {
                "classmap": [
                    "lib/Browser.php"
                ]
            },
            "notification-url": "https://packagist.org/downloads/",
            "license": [
                "MIT"
            ],
            "authors": [
                {
                    "name": "Chris Schuld",
                    "email": "chris@chrisschuld.com",
                    "homepage": "http://chrisschuld.com"
                }
            ],
            "description": "A PHP Class to detect a user's Browser",
            "homepage": "https://chrisschuld.com/projects/browser-php-detecting-a-users-browser-from-php/",
            "keywords": [
                "browser",
                "detection",
                "user agent"
            ],
            "time": "2019-07-09T23:55:12+00:00"
        },
        {
            "name": "emojione/emojione",
            "version": "4.5.0",
            "source": {
                "type": "git",
                "url": "https://github.com/emojione/emojione.git",
                "reference": "79e685356877cbb6128074a71b7f88f435b58412"
            },
            "dist": {
                "type": "zip",
                "url": "https://api.github.com/repos/emojione/emojione/zipball/79e685356877cbb6128074a71b7f88f435b58412",
                "reference": "79e685356877cbb6128074a71b7f88f435b58412",
                "shasum": ""
            },
            "require": {
                "php": ">=5.3"
            },
            "require-dev": {
                "phpunit/phpunit": "~4.6 || ~5.0"
            },
            "type": "library",
            "autoload": {
                "psr-4": {
                    "Emojione\\": "lib/php/src"
                }
            },
            "notification-url": "https://packagist.org/downloads/",
            "license": [
                "(CC-BY-4.0 and MIT)"
            ],
            "description": "EmojiOne is a complete set of emojis designed for the web. It includes libraries to easily convert unicode characters to shortnames (:smile:) and shortnames to our custom emoji images. PNG format provided for the emoji images.",
            "homepage": "http://www.emojione.com",
            "keywords": [
                "emoji",
                "emojione",
                "emojis",
                "emoticons",
                "smileys",
                "smilies",
                "unicode"
            ],
            "time": "2019-02-15T01:32:20+00:00"
        },
        {
            "name": "erusev/parsedown",
            "version": "1.7.4",
            "source": {
                "type": "git",
                "url": "https://github.com/erusev/parsedown.git",
                "reference": "cb17b6477dfff935958ba01325f2e8a2bfa6dab3"
            },
            "dist": {
                "type": "zip",
                "url": "https://api.github.com/repos/erusev/parsedown/zipball/cb17b6477dfff935958ba01325f2e8a2bfa6dab3",
                "reference": "cb17b6477dfff935958ba01325f2e8a2bfa6dab3",
                "shasum": ""
            },
            "require": {
                "ext-mbstring": "*",
                "php": ">=5.3.0"
            },
            "require-dev": {
                "phpunit/phpunit": "^4.8.35"
            },
            "type": "library",
            "autoload": {
                "psr-0": {
                    "Parsedown": ""
                }
            },
            "notification-url": "https://packagist.org/downloads/",
            "license": [
                "MIT"
            ],
            "authors": [
                {
                    "name": "Emanuil Rusev",
                    "email": "hello@erusev.com",
                    "homepage": "http://erusev.com"
                }
            ],
            "description": "Parser for Markdown.",
            "homepage": "http://parsedown.org",
            "keywords": [
                "markdown",
                "parser"
            ],
            "time": "2019-12-30T22:54:17+00:00"
        },
        {
            "name": "erusev/parsedown-extra",
            "version": "0.7.1",
            "source": {
                "type": "git",
                "url": "https://github.com/erusev/parsedown-extra.git",
                "reference": "0db5cce7354e4b76f155d092ab5eb3981c21258c"
            },
            "dist": {
                "type": "zip",
                "url": "https://api.github.com/repos/erusev/parsedown-extra/zipball/0db5cce7354e4b76f155d092ab5eb3981c21258c",
                "reference": "0db5cce7354e4b76f155d092ab5eb3981c21258c",
                "shasum": ""
            },
            "require": {
                "erusev/parsedown": "~1.4"
            },
            "type": "library",
            "autoload": {
                "psr-0": {
                    "ParsedownExtra": ""
                }
            },
            "notification-url": "https://packagist.org/downloads/",
            "license": [
                "MIT"
            ],
            "authors": [
                {
                    "name": "Emanuil Rusev",
                    "email": "hello@erusev.com",
                    "homepage": "http://erusev.com"
                }
            ],
            "description": "An extension of Parsedown that adds support for Markdown Extra.",
            "homepage": "https://github.com/erusev/parsedown-extra",
            "keywords": [
                "markdown",
                "markdown extra",
                "parsedown",
                "parser"
            ],
            "time": "2015-11-01T10:19:22+00:00"
        },
        {
            "name": "ezimuel/php-secure-session",
            "version": "v1.1.0",
            "source": {
                "type": "git",
                "url": "https://github.com/ezimuel/PHP-Secure-Session.git",
                "reference": "da686a3cff815a30c90202d90b9a43c5b491731a"
            },
            "dist": {
                "type": "zip",
                "url": "https://api.github.com/repos/ezimuel/PHP-Secure-Session/zipball/da686a3cff815a30c90202d90b9a43c5b491731a",
                "reference": "da686a3cff815a30c90202d90b9a43c5b491731a",
                "shasum": ""
            },
            "require": {
                "ext-mbstring": "*",
                "ext-openssl": "*",
                "paragonie/random_compat": "^2.0.2",
                "php": "^5.6 || ^7.0"
            },
            "require-dev": {
                "phpunit/phpunit": "^5.7.27"
            },
            "type": "library",
            "autoload": {
                "psr-4": {
                    "PHPSecureSession\\": "src/"
                },
                "files": [
                    "bin/register_secure_session.php"
                ]
            },
            "notification-url": "https://packagist.org/downloads/",
            "license": [
                "BSD-3-Clause"
            ],
            "description": "Encrypt and authenticate PHP session data using AES-256 and HMAC-SHA256",
            "homepage": "https://github.com/ezimuel/PHP-Secure-Session",
            "keywords": [
                "Authentication",
                "encrypt",
                "session"
            ],
            "time": "2018-02-01T13:38:40+00:00"
        },
        {
            "name": "geertw/ip-anonymizer",
            "version": "v1.1.0",
            "source": {
                "type": "git",
                "url": "https://github.com/geertw/php-ip-anonymizer.git",
                "reference": "6610b85b119de3bb505fd9a484bac67066e4a62f"
            },
            "dist": {
                "type": "zip",
                "url": "https://api.github.com/repos/geertw/php-ip-anonymizer/zipball/6610b85b119de3bb505fd9a484bac67066e4a62f",
                "reference": "6610b85b119de3bb505fd9a484bac67066e4a62f",
                "shasum": ""
            },
            "type": "library",
            "autoload": {
                "psr-4": {
                    "geertw\\IpAnonymizer\\": "src"
                }
            },
            "notification-url": "https://packagist.org/downloads/",
            "license": [
                "MIT"
            ],
            "authors": [
                {
                    "name": "Geert Wirken",
                    "email": "geert@gwirken.nl"
                }
            ],
            "description": "IPv4 and IPv6 address anonymizer",
            "time": "2017-06-24T13:15:14+00:00"
        },
        {
            "name": "latte/latte",
            "version": "v2.10.8",
            "source": {
                "type": "git",
                "url": "https://github.com/nette/latte.git",
                "reference": "596b28bf098ebb852732d60b00538139a009c4db"
            },
            "dist": {
                "type": "zip",
                "url": "https://api.github.com/repos/nette/latte/zipball/596b28bf098ebb852732d60b00538139a009c4db",
                "reference": "596b28bf098ebb852732d60b00538139a009c4db",
                "shasum": ""
            },
            "require": {
                "ext-json": "*",
                "ext-tokenizer": "*",
                "php": ">=7.1 <8.2"
            },
            "conflict": {
                "nette/application": "<2.4.1"
            },
            "require-dev": {
                "nette/php-generator": "^3.3.4",
                "nette/tester": "~2.0",
                "nette/utils": "^3.0",
                "phpstan/phpstan": "^0.12",
                "tracy/tracy": "^2.3"
            },
            "suggest": {
                "ext-fileinfo": "to use filter |datastream",
                "ext-iconv": "to use filters |reverse, |substring",
                "ext-mbstring": "to use filters like lower, upper, capitalize, ...",
                "nette/php-generator": "to use tag {templatePrint}",
                "nette/utils": "to use filter |webalize"
            },
            "bin": [
                "bin/latte-lint"
            ],
            "type": "library",
            "extra": {
                "branch-alias": {
                    "dev-master": "2.10-dev"
                }
            },
            "autoload": {
                "classmap": [
                    "src/"
                ]
            },
            "notification-url": "https://packagist.org/downloads/",
            "license": [
                "BSD-3-Clause",
                "GPL-2.0-only",
                "GPL-3.0-only"
            ],
            "authors": [
                {
                    "name": "David Grudl",
                    "homepage": "https://davidgrudl.com"
                },
                {
                    "name": "Nette Community",
                    "homepage": "https://nette.org/contributors"
                }
            ],
            "description": "☕ Latte: the intuitive and fast template engine for those who want the most secure PHP sites. Introduces context-sensitive escaping.",
            "homepage": "https://latte.nette.org",
            "keywords": [
                "context-sensitive",
                "engine",
                "escaping",
                "html",
                "nette",
                "security",
                "template",
                "twig"
            ],
            "support": {
                "issues": "https://github.com/nette/latte/issues",
                "source": "https://github.com/nette/latte/tree/v2.10.8"
            },
            "time": "2022-01-04T14:13:28+00:00"
        },
        {
            "name": "leblanc-simon/parsedown-checkbox",
            "version": "0.0.4",
            "source": {
                "type": "git",
                "url": "https://github.com/leblanc-simon/parsedown-checkbox.git",
                "reference": "9868c4b1f5d59e7a3b2b350d82fa5c92848b3ec1"
            },
            "dist": {
                "type": "zip",
                "url": "https://api.github.com/repos/leblanc-simon/parsedown-checkbox/zipball/9868c4b1f5d59e7a3b2b350d82fa5c92848b3ec1",
                "reference": "9868c4b1f5d59e7a3b2b350d82fa5c92848b3ec1",
                "shasum": ""
            },
            "require": {
                "erusev/parsedown-extra": "^0.7.1"
            },
            "type": "library",
            "autoload": {
                "files": [
                    "ParsedownCheckbox.php"
                ]
            },
            "notification-url": "https://packagist.org/downloads/",
            "license": [
                "MIT"
            ],
            "authors": [
                {
                    "name": "Simon Leblanc",
                    "email": "contact@leblanc-simon.eu",
                    "homepage": "https://www.leblanc-simon.fr"
                }
            ],
            "description": "An extension of Parsedown and ParsedownExtra that adds support for checkbox",
            "homepage": "https://github.com/leblanc-simon/parsedown-checkbox",
            "keywords": [
                "checkbox",
                "markdown",
                "markdown extra",
                "parsedown",
                "parser"
            ],
            "time": "2019-01-31T01:16:58+00:00"
        },
        {
            "name": "nette/component-model",
            "version": "v3.0.0",
            "source": {
                "type": "git",
                "url": "https://github.com/nette/component-model.git",
                "reference": "3153441f3d64bbdac300e75b8e5dde36590f7e01"
            },
            "dist": {
                "type": "zip",
                "url": "https://api.github.com/repos/nette/component-model/zipball/3153441f3d64bbdac300e75b8e5dde36590f7e01",
                "reference": "3153441f3d64bbdac300e75b8e5dde36590f7e01",
                "shasum": ""
            },
            "require": {
                "nette/utils": "^2.5 || ^3.0",
                "php": ">=7.1"
            },
            "conflict": {
                "nette/application": "<2.4",
                "nette/nette": "<2.2"
            },
            "require-dev": {
                "nette/tester": "^2.0",
                "tracy/tracy": "^2.3"
            },
            "type": "library",
            "extra": {
                "branch-alias": {
                    "dev-master": "3.0-dev"
                }
            },
            "autoload": {
                "classmap": [
                    "src/"
                ]
            },
            "notification-url": "https://packagist.org/downloads/",
            "license": [
                "BSD-3-Clause",
                "GPL-2.0",
                "GPL-3.0"
            ],
            "authors": [
                {
                    "name": "David Grudl",
                    "homepage": "https://davidgrudl.com"
                },
                {
                    "name": "Nette Community",
                    "homepage": "https://nette.org/contributors"
                }
            ],
            "description": "⚛ Nette Component Model",
            "homepage": "https://nette.org",
            "keywords": [
                "components",
                "nette"
            ],
            "time": "2019-02-20T07:13:15+00:00"
        },
        {
            "name": "nette/finder",
            "version": "v2.5.2",
            "source": {
                "type": "git",
                "url": "https://github.com/nette/finder.git",
                "reference": "4ad2c298eb8c687dd0e74ae84206a4186eeaed50"
            },
            "dist": {
                "type": "zip",
                "url": "https://api.github.com/repos/nette/finder/zipball/4ad2c298eb8c687dd0e74ae84206a4186eeaed50",
                "reference": "4ad2c298eb8c687dd0e74ae84206a4186eeaed50",
                "shasum": ""
            },
            "require": {
                "nette/utils": "^2.4 || ^3.0",
                "php": ">=7.1"
            },
            "conflict": {
                "nette/nette": "<2.2"
            },
            "require-dev": {
                "nette/tester": "^2.0",
                "phpstan/phpstan": "^0.12",
                "tracy/tracy": "^2.3"
            },
            "type": "library",
            "extra": {
                "branch-alias": {
                    "dev-master": "2.5-dev"
                }
            },
            "autoload": {
                "classmap": [
                    "src/"
                ]
            },
            "notification-url": "https://packagist.org/downloads/",
            "license": [
                "BSD-3-Clause",
                "GPL-2.0",
                "GPL-3.0"
            ],
            "authors": [
                {
                    "name": "David Grudl",
                    "homepage": "https://davidgrudl.com"
                },
                {
                    "name": "Nette Community",
                    "homepage": "https://nette.org/contributors"
                }
            ],
            "description": "🔍 Nette Finder: find files and directories with an intuitive API.",
            "homepage": "https://nette.org",
            "keywords": [
                "filesystem",
                "glob",
                "iterator",
                "nette"
            ],
            "time": "2020-01-03T20:35:40+00:00"
        },
        {
            "name": "nette/forms",
            "version": "v3.0.3",
            "source": {
                "type": "git",
                "url": "https://github.com/nette/forms.git",
                "reference": "ec59537f26d5a9ba0ca3575f628957273e2a361a"
            },
            "dist": {
                "type": "zip",
                "url": "https://api.github.com/repos/nette/forms/zipball/ec59537f26d5a9ba0ca3575f628957273e2a361a",
                "reference": "ec59537f26d5a9ba0ca3575f628957273e2a361a",
                "shasum": ""
            },
            "require": {
                "nette/component-model": "^3.0",
                "nette/http": "^3.0",
                "nette/utils": "^3.0",
                "php": ">=7.1"
            },
            "conflict": {
                "nette/di": "<3.0-stable"
            },
            "require-dev": {
                "latte/latte": "^2.4.1",
                "nette/di": "^3.0",
                "nette/tester": "^2.0",
                "phpstan/phpstan-nette": "^0.12",
                "tracy/tracy": "^2.4"
            },
            "type": "library",
            "extra": {
                "branch-alias": {
                    "dev-master": "3.0-dev"
                }
            },
            "autoload": {
                "classmap": [
                    "src/"
                ]
            },
            "notification-url": "https://packagist.org/downloads/",
            "license": [
                "BSD-3-Clause",
                "GPL-2.0",
                "GPL-3.0"
            ],
            "authors": [
                {
                    "name": "David Grudl",
                    "homepage": "https://davidgrudl.com"
                },
                {
                    "name": "Nette Community",
                    "homepage": "https://nette.org/contributors"
                }
            ],
            "description": "?? Nette Forms: generating, validating and processing secure forms in PHP. Handy API, fully customizable, server & client side validation and mature design.",
            "homepage": "https://nette.org",
            "keywords": [
                "Forms",
                "bootstrap",
                "csrf",
                "javascript",
                "nette",
                "validation"
            ],
            "time": "2020-01-02T16:48:08+00:00"
        },
        {
            "name": "nette/http",
            "version": "v3.0.3",
            "source": {
                "type": "git",
                "url": "https://github.com/nette/http.git",
                "reference": "1df063526343299ea7fccdf90de6575db3559ff5"
            },
            "dist": {
                "type": "zip",
                "url": "https://api.github.com/repos/nette/http/zipball/1df063526343299ea7fccdf90de6575db3559ff5",
                "reference": "1df063526343299ea7fccdf90de6575db3559ff5",
                "shasum": ""
            },
            "require": {
                "nette/utils": "^3.0",
                "php": ">=7.1"
            },
            "conflict": {
                "nette/di": "<3.0.0-stable"
            },
            "require-dev": {
                "nette/di": "^3.0",
                "nette/tester": "^2.0",
                "tracy/tracy": "^2.4"
            },
            "suggest": {
                "ext-fileinfo": "to detect type of uploaded files",
                "nette/security": "allows use Nette\\Http\\UserStorage"
            },
            "type": "library",
            "extra": {
                "branch-alias": {
                    "dev-master": "3.0-dev"
                }
            },
            "autoload": {
                "classmap": [
                    "src/"
                ]
            },
            "notification-url": "https://packagist.org/downloads/",
            "license": [
                "BSD-3-Clause",
                "GPL-2.0",
                "GPL-3.0"
            ],
            "authors": [
                {
                    "name": "David Grudl",
                    "homepage": "https://davidgrudl.com"
                },
                {
                    "name": "Nette Community",
                    "homepage": "https://nette.org/contributors"
                }
            ],
            "description": "🌐 Nette Http: abstraction for HTTP request, response and session. Provides careful data sanitization and utility for URL and cookies manipulation.",
            "homepage": "https://nette.org",
            "keywords": [
                "cookies",
                "http",
                "nette",
                "proxy",
                "request",
                "response",
                "security",
                "session",
                "url"
            ],
            "time": "2019-10-31T15:07:40+00:00"
        },
        {
            "name": "nette/mail",
            "version": "v3.1.0",
            "source": {
                "type": "git",
                "url": "https://github.com/nette/mail.git",
                "reference": "82fb366ff218283bd19327ab0f897d2be20a4ce0"
            },
            "dist": {
                "type": "zip",
                "url": "https://api.github.com/repos/nette/mail/zipball/82fb366ff218283bd19327ab0f897d2be20a4ce0",
                "reference": "82fb366ff218283bd19327ab0f897d2be20a4ce0",
                "shasum": ""
            },
            "require": {
                "ext-iconv": "*",
                "nette/utils": "^2.4 || ^3.0",
                "php": ">=7.1"
            },
            "conflict": {
                "nette/di": "<3.0-stable"
            },
            "require-dev": {
                "nette/di": "^3.0.0",
                "nette/tester": "^2.0",
                "tracy/tracy": "^2.4"
            },
            "suggest": {
                "ext-fileinfo": "to detect type of attached files",
                "ext-openssl": "to use Nette\\Mail\\DkimSigner"
            },
            "type": "library",
            "extra": {
                "branch-alias": {
                    "dev-master": "3.0-dev"
                }
            },
            "autoload": {
                "classmap": [
                    "src/"
                ],
                "files": [
                    "src/compatibility.php"
                ]
            },
            "notification-url": "https://packagist.org/downloads/",
            "license": [
                "BSD-3-Clause",
                "GPL-2.0",
                "GPL-3.0"
            ],
            "authors": [
                {
                    "name": "David Grudl",
                    "homepage": "https://davidgrudl.com"
                },
                {
                    "name": "Nette Community",
                    "homepage": "https://nette.org/contributors"
                }
            ],
            "description": "📧 Nette Mail: handy email creation and transfer library for PHP with both text and MIME-compliant support.",
            "homepage": "https://nette.org",
            "keywords": [
                "mail",
                "mailer",
                "mime",
                "nette",
                "smtp"
            ],
            "time": "2019-07-01T12:17:45+00:00"
        },
        {
            "name": "nette/robot-loader",
            "version": "v3.2.1",
            "source": {
                "type": "git",
                "url": "https://github.com/nette/robot-loader.git",
                "reference": "d2a100e1f5cab390c78bc88709abbc91249c3993"
            },
            "dist": {
                "type": "zip",
                "url": "https://api.github.com/repos/nette/robot-loader/zipball/d2a100e1f5cab390c78bc88709abbc91249c3993",
                "reference": "d2a100e1f5cab390c78bc88709abbc91249c3993",
                "shasum": ""
            },
            "require": {
                "ext-tokenizer": "*",
                "nette/finder": "^2.5 || ^3.0",
                "nette/utils": "^3.0",
                "php": ">=7.1"
            },
            "require-dev": {
                "nette/tester": "^2.0",
                "phpstan/phpstan": "^0.12",
                "tracy/tracy": "^2.3"
            },
            "type": "library",
            "extra": {
                "branch-alias": {
                    "dev-master": "3.2-dev"
                }
            },
            "autoload": {
                "classmap": [
                    "src/"
                ]
            },
            "notification-url": "https://packagist.org/downloads/",
            "license": [
                "BSD-3-Clause",
                "GPL-2.0",
                "GPL-3.0"
            ],
            "authors": [
                {
                    "name": "David Grudl",
                    "homepage": "https://davidgrudl.com"
                },
                {
                    "name": "Nette Community",
                    "homepage": "https://nette.org/contributors"
                }
            ],
            "description": "🍀 Nette RobotLoader: high performance and comfortable autoloader that will search and autoload classes within your application.",
            "homepage": "https://nette.org",
            "keywords": [
                "autoload",
                "class",
                "interface",
                "nette",
                "trait"
            ],
            "time": "2019-12-26T22:32:02+00:00"
        },
        {
            "name": "nette/utils",
            "version": "v3.1.0",
            "source": {
                "type": "git",
                "url": "https://github.com/nette/utils.git",
                "reference": "d6cd63d77dd9a85c3a2fae707e1255e44c2bc182"
            },
            "dist": {
                "type": "zip",
                "url": "https://api.github.com/repos/nette/utils/zipball/d6cd63d77dd9a85c3a2fae707e1255e44c2bc182",
                "reference": "d6cd63d77dd9a85c3a2fae707e1255e44c2bc182",
                "shasum": ""
            },
            "require": {
                "php": ">=7.1"
            },
            "require-dev": {
                "nette/tester": "~2.0",
                "phpstan/phpstan": "^0.12",
                "tracy/tracy": "^2.3"
            },
            "suggest": {
                "ext-gd": "to use Image",
                "ext-iconv": "to use Strings::webalize() and toAscii()",
                "ext-intl": "to use Strings::webalize(), toAscii(), normalize() and compare()",
                "ext-json": "to use Nette\\Utils\\Json",
                "ext-mbstring": "to use Strings::lower() etc...",
                "ext-tokenizer": "to use Nette\\Utils\\Reflection::getUseStatements()",
                "ext-xml": "to use Strings::length() etc. when mbstring is not available"
            },
            "type": "library",
            "extra": {
                "branch-alias": {
                    "dev-master": "3.1-dev"
                }
            },
            "autoload": {
                "classmap": [
                    "src/"
                ]
            },
            "notification-url": "https://packagist.org/downloads/",
            "license": [
                "BSD-3-Clause",
                "GPL-2.0",
                "GPL-3.0"
            ],
            "authors": [
                {
                    "name": "David Grudl",
                    "homepage": "https://davidgrudl.com"
                },
                {
                    "name": "Nette Community",
                    "homepage": "https://nette.org/contributors"
                }
            ],
            "description": "🛠 Nette Utils: lightweight utilities for string & array manipulation, image handling, safe JSON encoding/decoding, validation, slug or strong password generating etc.",
            "homepage": "https://nette.org",
            "keywords": [
                "array",
                "core",
                "datetime",
                "images",
                "json",
                "nette",
                "paginator",
                "password",
                "slugify",
                "string",
                "unicode",
                "utf-8",
                "utility",
                "validation"
            ],
            "time": "2020-01-03T18:13:31+00:00"
        },
        {
            "name": "nezamy/route",
            "version": "v1.2.6",
            "source": {
                "type": "git",
                "url": "https://github.com/nezamy/route.git",
                "reference": "8a5050b028ee39b383a949058a35baa284f396a0"
            },
            "dist": {
                "type": "zip",
                "url": "https://api.github.com/repos/nezamy/route/zipball/8a5050b028ee39b383a949058a35baa284f396a0",
                "reference": "8a5050b028ee39b383a949058a35baa284f396a0",
                "shasum": ""
            },
            "require": {
                "nezamy/support": "1.0.*",
                "php": ">=5.4.0"
            },
            "type": "library",
            "autoload": {
                "psr-4": {
                    "System\\": "system"
                },
                "files": [
                    "system/function.php"
                ]
            },
            "notification-url": "https://packagist.org/downloads/",
            "license": [
                "MIT"
            ],
            "authors": [
                {
                    "name": "Mahmoud Elnezamy",
                    "email": "mahmoud@nezamy.com",
                    "homepage": "http://nezamy.com",
                    "role": "Full Stack Web Developer"
                }
            ],
            "description": "Route - Fast, flexible routing for PHP, enabling you to quickly and easily build RESTful web applications.",
            "homepage": "https://nezamy.com/route",
            "keywords": [
                "api",
                "justframework",
                "restful",
                "route"
            ],
            "time": "2019-05-25T21:09:03+00:00"
        },
        {
            "name": "nezamy/support",
            "version": "v1.0.1",
            "source": {
                "type": "git",
                "url": "https://github.com/nezamy/support.git",
                "reference": "8803292708fbfa857bdd056c9b9dc883adc51414"
            },
            "dist": {
                "type": "zip",
                "url": "https://api.github.com/repos/nezamy/support/zipball/8803292708fbfa857bdd056c9b9dc883adc51414",
                "reference": "8803292708fbfa857bdd056c9b9dc883adc51414",
                "shasum": ""
            },
            "type": "library",
            "autoload": {
                "psr-4": {
                    "System\\Support\\": ""
                }
            },
            "notification-url": "https://packagist.org/downloads/",
            "license": [
                "MIT"
            ],
            "authors": [
                {
                    "name": "Mahmoud Elnezamy",
                    "email": "mahmoud@nezamy.com",
                    "homepage": "http://nezamy.com",
                    "role": "Full Stack Web Developer"
                }
            ],
            "description": "Support",
            "homepage": "https://github.com/nezamy/support",
            "keywords": [
                "framework",
                "justframework",
                "micro",
                "support"
            ],
            "time": "2018-06-04T14:53:46+00:00"
        },
        {
            "name": "paragonie/random_compat",
            "version": "v2.0.18",
            "source": {
                "type": "git",
                "url": "https://github.com/paragonie/random_compat.git",
                "reference": "0a58ef6e3146256cc3dc7cc393927bcc7d1b72db"
            },
            "dist": {
                "type": "zip",
                "url": "https://api.github.com/repos/paragonie/random_compat/zipball/0a58ef6e3146256cc3dc7cc393927bcc7d1b72db",
                "reference": "0a58ef6e3146256cc3dc7cc393927bcc7d1b72db",
                "shasum": ""
            },
            "require": {
                "php": ">=5.2.0"
            },
            "require-dev": {
                "phpunit/phpunit": "4.*|5.*"
            },
            "suggest": {
                "ext-libsodium": "Provides a modern crypto API that can be used to generate random bytes."
            },
            "type": "library",
            "autoload": {
                "files": [
                    "lib/random.php"
                ]
            },
            "notification-url": "https://packagist.org/downloads/",
            "license": [
                "MIT"
            ],
            "authors": [
                {
                    "name": "Paragon Initiative Enterprises",
                    "email": "security@paragonie.com",
                    "homepage": "https://paragonie.com"
                }
            ],
            "description": "PHP 5.x polyfill for random_bytes() and random_int() from PHP 7",
            "keywords": [
                "csprng",
                "polyfill",
                "pseudorandom",
                "random"
            ],
            "time": "2019-01-03T20:59:08+00:00"
        },
        {
            "name": "php-curl-class/php-curl-class",
            "version": "8.6.2",
            "source": {
                "type": "git",
                "url": "https://github.com/php-curl-class/php-curl-class.git",
                "reference": "54be433a7299c15b024ba808e10a96c5d5791d99"
            },
            "dist": {
                "type": "zip",
                "url": "https://api.github.com/repos/php-curl-class/php-curl-class/zipball/54be433a7299c15b024ba808e10a96c5d5791d99",
                "reference": "54be433a7299c15b024ba808e10a96c5d5791d99",
                "shasum": ""
            },
            "require": {
                "ext-curl": "*",
                "php": ">=5.3"
            },
            "require-dev": {
                "ext-gd": "*",
                "phpunit/phpunit": "*",
                "squizlabs/php_codesniffer": "*"
            },
            "suggest": {
                "ext-mbstring": "*"
            },
            "type": "library",
            "autoload": {
                "psr-4": {
                    "Curl\\": "src/Curl/"
                }
            },
            "notification-url": "https://packagist.org/downloads/",
            "license": [
                "Unlicense"
            ],
            "authors": [
                {
                    "name": "Zach Borboa"
                }
            ],
            "description": "PHP Curl Class makes it easy to send HTTP requests and integrate with web APIs.",
            "homepage": "https://github.com/php-curl-class/php-curl-class",
            "keywords": [
                "API-Client",
                "api",
                "class",
                "client",
                "curl",
                "framework",
                "http",
                "http-client",
                "http-proxy",
                "json",
                "php",
                "php-curl",
                "php-curl-library",
                "proxy",
                "requests",
                "restful",
                "web-scraper",
                "web-scraping ",
                "web-service",
                "xml"
            ],
            "time": "2019-11-17T08:37:31+00:00"
        },
        {
            "name": "plasticbrain/php-flash-messages",
            "version": "v1.0.1",
            "source": {
                "type": "git",
                "url": "https://github.com/plasticbrain/PhpFlashMessages.git",
                "reference": "b565762619342057ce561de20d0f2f6e14f9aa77"
            },
            "dist": {
                "type": "zip",
                "url": "https://api.github.com/repos/plasticbrain/PhpFlashMessages/zipball/b565762619342057ce561de20d0f2f6e14f9aa77",
                "reference": "b565762619342057ce561de20d0f2f6e14f9aa77",
                "shasum": ""
            },
            "require": {
                "php": ">=5.4.0"
            },
            "type": "library",
            "autoload": {
                "psr-4": {
                    "Plasticbrain\\FlashMessages\\": "src/"
                }
            },
            "notification-url": "https://packagist.org/downloads/",
            "license": [
                "MIT"
            ],
            "authors": [
                {
                    "name": "Mike Everhart",
                    "email": "mike@plasticbrain.net"
                }
            ],
            "description": "A modern take on PHP session-based flash messages",
            "keywords": [
                "bootstrap",
                "flash",
                "messages",
                "session"
            ],
            "time": "2016-04-01T08:39:38+00:00"
        },
        {
            "name": "symfony/polyfill-mbstring",
            "version": "v1.13.1",
            "source": {
                "type": "git",
                "url": "https://github.com/symfony/polyfill-mbstring.git",
                "reference": "7b4aab9743c30be783b73de055d24a39cf4b954f"
            },
            "dist": {
                "type": "zip",
                "url": "https://api.github.com/repos/symfony/polyfill-mbstring/zipball/7b4aab9743c30be783b73de055d24a39cf4b954f",
                "reference": "7b4aab9743c30be783b73de055d24a39cf4b954f",
                "shasum": ""
            },
            "require": {
                "php": ">=5.3.3"
            },
            "suggest": {
                "ext-mbstring": "For best performance"
            },
            "type": "library",
            "extra": {
                "branch-alias": {
                    "dev-master": "1.13-dev"
                }
            },
            "autoload": {
                "psr-4": {
                    "Symfony\\Polyfill\\Mbstring\\": ""
                },
                "files": [
                    "bootstrap.php"
                ]
            },
            "notification-url": "https://packagist.org/downloads/",
            "license": [
                "MIT"
            ],
            "authors": [
                {
                    "name": "Nicolas Grekas",
                    "email": "p@tchwork.com"
                },
                {
                    "name": "Symfony Community",
                    "homepage": "https://symfony.com/contributors"
                }
            ],
            "description": "Symfony polyfill for the Mbstring extension",
            "homepage": "https://symfony.com",
            "keywords": [
                "compatibility",
                "mbstring",
                "polyfill",
                "portable",
                "shim"
            ],
            "time": "2019-11-27T14:18:11+00:00"
        },
        {
            "name": "symfony/translation",
            "version": "v4.4.2",
            "source": {
                "type": "git",
                "url": "https://github.com/symfony/translation.git",
                "reference": "f7669f48a9633bf8139bc026c755e894b7206677"
            },
            "dist": {
                "type": "zip",
                "url": "https://api.github.com/repos/symfony/translation/zipball/f7669f48a9633bf8139bc026c755e894b7206677",
                "reference": "f7669f48a9633bf8139bc026c755e894b7206677",
                "shasum": ""
            },
            "require": {
                "php": "^7.1.3",
                "symfony/polyfill-mbstring": "~1.0",
                "symfony/translation-contracts": "^1.1.6|^2"
            },
            "conflict": {
                "symfony/config": "<3.4",
                "symfony/dependency-injection": "<3.4",
                "symfony/http-kernel": "<4.4",
                "symfony/yaml": "<3.4"
            },
            "provide": {
                "symfony/translation-implementation": "1.0"
            },
            "require-dev": {
                "psr/log": "~1.0",
                "symfony/config": "^3.4|^4.0|^5.0",
                "symfony/console": "^3.4|^4.0|^5.0",
                "symfony/dependency-injection": "^3.4|^4.0|^5.0",
                "symfony/finder": "~2.8|~3.0|~4.0|^5.0",
                "symfony/http-kernel": "^4.4",
                "symfony/intl": "^3.4|^4.0|^5.0",
                "symfony/service-contracts": "^1.1.2|^2",
                "symfony/yaml": "^3.4|^4.0|^5.0"
            },
            "suggest": {
                "psr/log-implementation": "To use logging capability in translator",
                "symfony/config": "",
                "symfony/yaml": ""
            },
            "type": "library",
            "extra": {
                "branch-alias": {
                    "dev-master": "4.4-dev"
                }
            },
            "autoload": {
                "psr-4": {
                    "Symfony\\Component\\Translation\\": ""
                },
                "exclude-from-classmap": [
                    "/Tests/"
                ]
            },
            "notification-url": "https://packagist.org/downloads/",
            "license": [
                "MIT"
            ],
            "authors": [
                {
                    "name": "Fabien Potencier",
                    "email": "fabien@symfony.com"
                },
                {
                    "name": "Symfony Community",
                    "homepage": "https://symfony.com/contributors"
                }
            ],
            "description": "Symfony Translation Component",
            "homepage": "https://symfony.com",
            "time": "2019-12-12T12:53:52+00:00"
        },
        {
            "name": "symfony/translation-contracts",
            "version": "v2.0.1",
            "source": {
                "type": "git",
                "url": "https://github.com/symfony/translation-contracts.git",
                "reference": "8cc682ac458d75557203b2f2f14b0b92e1c744ed"
            },
            "dist": {
                "type": "zip",
                "url": "https://api.github.com/repos/symfony/translation-contracts/zipball/8cc682ac458d75557203b2f2f14b0b92e1c744ed",
                "reference": "8cc682ac458d75557203b2f2f14b0b92e1c744ed",
                "shasum": ""
            },
            "require": {
                "php": "^7.2.5"
            },
            "suggest": {
                "symfony/translation-implementation": ""
            },
            "type": "library",
            "extra": {
                "branch-alias": {
                    "dev-master": "2.0-dev"
                }
            },
            "autoload": {
                "psr-4": {
                    "Symfony\\Contracts\\Translation\\": ""
                }
            },
            "notification-url": "https://packagist.org/downloads/",
            "license": [
                "MIT"
            ],
            "authors": [
                {
                    "name": "Nicolas Grekas",
                    "email": "p@tchwork.com"
                },
                {
                    "name": "Symfony Community",
                    "homepage": "https://symfony.com/contributors"
                }
            ],
            "description": "Generic abstractions related to translation",
            "homepage": "https://symfony.com",
            "keywords": [
                "abstractions",
                "contracts",
                "decoupling",
                "interfaces",
                "interoperability",
                "standards"
            ],
            "time": "2019-11-18T17:27:11+00:00"
        },
        {
            "name": "tracy/tracy",
            "version": "v2.7.2",
            "source": {
                "type": "git",
                "url": "https://github.com/nette/tracy.git",
                "reference": "d28ebdf7ab8d88f231310aef1e8cce965ea0b2ca"
            },
            "dist": {
                "type": "zip",
                "url": "https://api.github.com/repos/nette/tracy/zipball/d28ebdf7ab8d88f231310aef1e8cce965ea0b2ca",
                "reference": "d28ebdf7ab8d88f231310aef1e8cce965ea0b2ca",
                "shasum": ""
            },
            "require": {
                "ext-json": "*",
                "ext-session": "*",
                "php": ">=7.1"
            },
            "conflict": {
                "nette/di": "<3.0"
            },
            "require-dev": {
                "nette/di": "^3.0",
                "nette/tester": "^2.2",
                "nette/utils": "^3.0",
                "phpstan/phpstan": "^0.12",
                "psr/log": "^1.0"
            },
            "suggest": {
                "https://nette.org/donate": "Please support Tracy via a donation"
            },
            "type": "library",
            "extra": {
                "branch-alias": {
                    "dev-master": "2.7-dev"
                }
            },
            "autoload": {
                "classmap": [
                    "src"
                ],
                "files": [
                    "src/Tracy/shortcuts.php"
                ]
            },
            "notification-url": "https://packagist.org/downloads/",
            "license": [
                "BSD-3-Clause"
            ],
            "authors": [
                {
                    "name": "David Grudl",
                    "homepage": "https://davidgrudl.com"
                },
                {
                    "name": "Nette Community",
                    "homepage": "https://nette.org/contributors"
                }
            ],
            "description": "😎 Tracy: the addictive tool to ease debugging PHP code for cool developers. Friendly design, logging, profiler, advanced features like debugging AJAX calls or CLI support. You will love it.",
            "homepage": "https://tracy.nette.org",
            "keywords": [
                "Xdebug",
                "debug",
                "debugger",
                "nette",
                "profiler"
            ],
            "time": "2019-12-15T22:48:05+00:00"
        }
    ],
    "packages-dev": [],
    "aliases": [],
    "minimum-stability": "stable",
    "stability-flags": [],
    "prefer-stable": true,
    "prefer-lowest": false,
    "platform": {
        "php": "^7.2"
    },
    "platform-dev": [],
    "plugin-api-version": "2.2.0"
}
